
Microsoft Visual Studio Solution File, Format Version 12.00
# Visual Studio Version 16
VisualStudioVersion = 16.0.30114.105
MinimumVisualStudioVersion = 10.0.40219.1
Project("{FAE04EC0-301F-11D3-BF4B-00C04F79EFBC}") = "1.Domain", "1.Domain\1.Domain.csproj", "{402C7995-6E0C-48C4-A885-4A063D90F439}"
EndProject
Project("{FAE04EC0-301F-11D3-BF4B-00C04F79EFBC}") = "2.Core", "2.Core\2.Core.csproj", "{14E2AE59-9A33-4BE6-B12D-B13C3022086D}"
EndProject
Project("{FAE04EC0-301F-11D3-BF4B-00C04F79EFBC}") = "3.Infra", "3.Infra\3.Infra.csproj", "{4DBC093A-3109-4B53-9A12-D5C298589780}"
EndProject
Project("{FAE04EC0-301F-11D3-BF4B-00C04F79EFBC}") = "4.API", "4.API\4.API.csproj", "{ABFF1D03-89CE-4036-B91D-CFF6ABEBC274}"
EndProject
Global
	GlobalSection(SolutionConfigurationPlatforms) = preSolution
		Debug|Any CPU = Debug|Any CPU
		Release|Any CPU = Release|Any CPU
	EndGlobalSection
	GlobalSection(SolutionProperties) = preSolution
		HideSolutionNode = FALSE
	EndGlobalSection
	GlobalSection(ProjectConfigurationPlatforms) = postSolution
		{402C7995-6E0C-48C4-A885-4A063D90F439}.Debug|Any CPU.ActiveCfg = Debug|Any CPU
		{402C7995-6E0C-48C4-A885-4A063D90F439}.Debug|Any CPU.Build.0 = Debug|Any CPU
		{402C7995-6E0C-48C4-A885-4A063D90F439}.Release|Any CPU.ActiveCfg = Release|Any CPU
		{402C7995-6E0C-48C4-A885-4A063D90F439}.Release|Any CPU.Build.0 = Release|Any CPU
		{14E2AE59-9A33-4BE6-B12D-B13C3022086D}.Debug|Any CPU.ActiveCfg = Debug|Any CPU
		{14E2AE59-9A33-4BE6-B12D-B13C3022086D}.Debug|Any CPU.Build.0 = Debug|Any CPU
		{14E2AE59-9A33-4BE6-B12D-B13C3022086D}.Release|Any CPU.ActiveCfg = Release|Any CPU
		{14E2AE59-9A33-4BE6-B12D-B13C3022086D}.Release|Any CPU.Build.0 = Release|Any CPU
		{4DBC093A-3109-4B53-9A12-D5C298589780}.Debug|Any CPU.ActiveCfg = Debug|Any CPU
		{4DBC093A-3109-4B53-9A12-D5C298589780}.Debug|Any CPU.Build.0 = Debug|Any CPU
		{4DBC093A-3109-4B53-9A12-D5C298589780}.Release|Any CPU.ActiveCfg = Release|Any CPU
		{4DBC093A-3109-4B53-9A12-D5C298589780}.Release|Any CPU.Build.0 = Release|Any CPU
		{ABFF1D03-89CE-4036-B91D-CFF6ABEBC274}.Debug|Any CPU.ActiveCfg = Debug|Any CPU
		{ABFF1D03-89CE-4036-B91D-CFF6ABEBC274}.Debug|Any CPU.Build.0 = Debug|Any CPU
		{ABFF1D03-89CE-4036-B91D-CFF6ABEBC274}.Release|Any CPU.ActiveCfg = Release|Any CPU
		{ABFF1D03-89CE-4036-B91D-CFF6ABEBC274}.Release|Any CPU.Build.0 = Release|Any CPU
	EndGlobalSection
EndGlobal
